
Microsoft Visual Studio Solution File, Format Version 12.00
# Visual Studio Version 16
VisualStudioVersion = 16.0.30523.141
MinimumVisualStudioVersion = 10.0.40219.1
Project("{FAE04EC0-301F-11D3-BF4B-00C04F79EFBC}") = "UnicapaInteligenciaArtificial", "UnicapaInteligenciaArtificial\UnicapaInteligenciaArtificial.csproj", "{27785926-4568-4FEF-9117-5B06BA0F5745}"
EndProject
Project("{2150E333-8FDC-42A3-9474-1A3956D46DE8}") = "Solution Items", "Solution Items", "{C57418D4-3F3A-44F4-A053-04FED4334A29}"
EndProject
Project("{FAE04EC0-301F-11D3-BF4B-00C04F79EFBC}") = "BLL", "BLL\BLL.csproj", "{2F429951-55C3-4A52-ABBA-E7F271478883}"
EndProject
Project("{FAE04EC0-301F-11D3-BF4B-00C04F79EFBC}") = "DAL", "DAL\DAL.csproj", "{2C75E684-34DC-4825-B00F-B6A78299D24B}"
EndProject
Project("{FAE04EC0-301F-11D3-BF4B-00C04F79EFBC}") = "ENTITY", "ENTITY\ENTITY.csproj", "{3C61DEB8-A141-4B48-BC60-6EBC76DFD2DF}"
EndProject
Project("{FAE04EC0-301F-11D3-BF4B-00C04F79EFBC}") = "INFRAESTRUCTURA", "INFRAESTRUCTURA\INFRAESTRUCTURA.csproj", "{68891BE7-3BA8-4A53-97DB-F0E2F48728B2}"
EndProject
Global
	GlobalSection(SolutionConfigurationPlatforms) = preSolution
		Debug|Any CPU = Debug|Any CPU
		Release|Any CPU = Release|Any CPU
	EndGlobalSection
	GlobalSection(ProjectConfigurationPlatforms) = postSolution
		{27785926-4568-4FEF-9117-5B06BA0F5745}.Debug|Any CPU.ActiveCfg = Debug|Any CPU
		{27785926-4568-4FEF-9117-5B06BA0F5745}.Debug|Any CPU.Build.0 = Debug|Any CPU
		{27785926-4568-4FEF-9117-5B06BA0F5745}.Release|Any CPU.ActiveCfg = Release|Any CPU
		{27785926-4568-4FEF-9117-5B06BA0F5745}.Release|Any CPU.Build.0 = Release|Any CPU
		{2F429951-55C3-4A52-ABBA-E7F271478883}.Debug|Any CPU.ActiveCfg = Debug|Any CPU
		{2F429951-55C3-4A52-ABBA-E7F271478883}.Debug|Any CPU.Build.0 = Debug|Any CPU
		{2F429951-55C3-4A52-ABBA-E7F271478883}.Release|Any CPU.ActiveCfg = Release|Any CPU
		{2F429951-55C3-4A52-ABBA-E7F271478883}.Release|Any CPU.Build.0 = Release|Any CPU
		{2C75E684-34DC-4825-B00F-B6A78299D24B}.Debug|Any CPU.ActiveCfg = Debug|Any CPU
		{2C75E684-34DC-4825-B00F-B6A78299D24B}.Debug|Any CPU.Build.0 = Debug|Any CPU
		{2C75E684-34DC-4825-B00F-B6A78299D24B}.Release|Any CPU.ActiveCfg = Release|Any CPU
		{2C75E684-34DC-4825-B00F-B6A78299D24B}.Release|Any CPU.Build.0 = Release|Any CPU
		{3C61DEB8-A141-4B48-BC60-6EBC76DFD2DF}.Debug|Any CPU.ActiveCfg = Debug|Any CPU
		{3C61DEB8-A141-4B48-BC60-6EBC76DFD2DF}.Debug|Any CPU.Build.0 = Debug|Any CPU
		{3C61DEB8-A141-4B48-BC60-6EBC76DFD2DF}.Release|Any CPU.ActiveCfg = Release|Any CPU
		{3C61DEB8-A141-4B48-BC60-6EBC76DFD2DF}.Release|Any CPU.Build.0 = Release|Any CPU
		{68891BE7-3BA8-4A53-97DB-F0E2F48728B2}.Debug|Any CPU.ActiveCfg = Debug|Any CPU
		{68891BE7-3BA8-4A53-97DB-F0E2F48728B2}.Debug|Any CPU.Build.0 = Debug|Any CPU
		{68891BE7-3BA8-4A53-97DB-F0E2F48728B2}.Release|Any CPU.ActiveCfg = Release|Any CPU
		{68891BE7-3BA8-4A53-97DB-F0E2F48728B2}.Release|Any CPU.Build.0 = Release|Any CPU
	EndGlobalSection
	GlobalSection(SolutionProperties) = preSolution
		HideSolutionNode = FALSE
	EndGlobalSection
	GlobalSection(ExtensibilityGlobals) = postSolution
		SolutionGuid = {49E1ED4C-3D8B-4388-AF02-E5D265650F4C}
	EndGlobalSection
EndGlobal
